
Microsoft Visual Studio Solution File, Format Version 12.00
# Visual Studio Version 17
VisualStudioVersion = 17.8.34330.188
MinimumVisualStudioVersion = 10.0.40219.1
Project("{2150E333-8FDC-42A3-9474-1A3956D46DE8}") = "Documents", "Documents", "{64FF7A45-6386-4E66-B030-95D471EC701C}"
EndProject
Project("{2150E333-8FDC-42A3-9474-1A3956D46DE8}") = "SSO", "SSO", "{176D458A-2B09-4F64-A03A-F1BB03F2C44A}"
EndProject
Project("{2150E333-8FDC-42A3-9474-1A3956D46DE8}") = "Services", "Services", "{5F05B9B3-26CB-47FF-8D10-864260FDA840}"
EndProject
Project("{2150E333-8FDC-42A3-9474-1A3956D46DE8}") = "TestService", "TestService", "{F43EF812-849A-4299-AFFF-D9129D83682B}"
EndProject
Project("{2150E333-8FDC-42A3-9474-1A3956D46DE8}") = "Presentation", "Presentation", "{12CFB3D2-28D3-4D0F-9F5E-E5E9493D35F2}"
EndProject
Project("{9A19103F-16F7-4668-BE54-9A1E7A4F7556}") = "TestDomain", "TestDomain\TestDomain.csproj", "{E851B2CD-031B-4A01-804F-ED49452A4911}"
EndProject
Project("{2150E333-8FDC-42A3-9474-1A3956D46DE8}") = "Infrastructure", "Infrastructure", "{38A43A62-87FB-4E8E-9AE2-56EBC20038AC}"
EndProject
Project("{9A19103F-16F7-4668-BE54-9A1E7A4F7556}") = "InfrastructureService", "InfrastructureService\InfrastructureService.csproj", "{4614BD5E-5818-491F-8852-CC9666F1ED29}"
EndProject
Project("{9A19103F-16F7-4668-BE54-9A1E7A4F7556}") = "TestPersistence", "TestPersistence\TestPersistence.csproj", "{AD1A3B62-E00C-4C06-92D9-02DF3D45DA91}"
EndProject
Project("{9A19103F-16F7-4668-BE54-9A1E7A4F7556}") = "TestEndPoint", "TestEndPoint\TestEndPoint.csproj", "{36A81246-DF09-4F27-A8EA-F393A23ED566}"
EndProject
Project("{9A19103F-16F7-4668-BE54-9A1E7A4F7556}") = "TestApplication", "TestApplication\TestApplication.csproj", "{4A9B3BBD-B67D-4ACC-98D2-EB284BC8522C}"
EndProject
Project("{2150E333-8FDC-42A3-9474-1A3956D46DE8}") = "Core", "Core", "{80F08681-FDD1-4AEF-A1C0-65B00BE45FD8}"
EndProject
Project("{2150E333-8FDC-42A3-9474-1A3956D46DE8}") = "Infrastructure", "Infrastructure", "{702ED69B-018B-43E6-8785-5DA4AEA91AE9}"
EndProject
Project("{2150E333-8FDC-42A3-9474-1A3956D46DE8}") = "Test", "Test", "{1D030C56-617B-402E-9B06-F3D41CB12697}"
EndProject
Project("{9A19103F-16F7-4668-BE54-9A1E7A4F7556}") = "TestService", "TestService\TestService.csproj", "{18B0FC81-F19D-4B6B-B6ED-F6C31A6C42D0}"
EndProject
Project("{2150E333-8FDC-42A3-9474-1A3956D46DE8}") = "IdentityService", "IdentityService", "{363AAE88-6AFF-468C-81D3-E2D5ABE44B5B}"
EndProject
Project("{2150E333-8FDC-42A3-9474-1A3956D46DE8}") = "Core", "Core", "{D754A3B0-A071-4222-A567-91EBE21AAE2B}"
EndProject
Project("{2150E333-8FDC-42A3-9474-1A3956D46DE8}") = "Infrastructure", "Infrastructure", "{F7C24062-8DD5-4492-84E5-636A7E2BF089}"
EndProject
Project("{2150E333-8FDC-42A3-9474-1A3956D46DE8}") = "Presentation", "Presentation", "{2F01A2A1-6B91-4ACB-966E-B2AF76F3180C}"
EndProject
Project("{2150E333-8FDC-42A3-9474-1A3956D46DE8}") = "Test", "Test", "{ACE4999D-6AC3-4582-B2A2-77B4C4B8EB33}"
EndProject
Project("{9A19103F-16F7-4668-BE54-9A1E7A4F7556}") = "IdentityDomain", "IdentityDomain\IdentityDomain.csproj", "{4A82E404-3B15-45A6-8169-6DC4EE815C1D}"
EndProject
Project("{9A19103F-16F7-4668-BE54-9A1E7A4F7556}") = "IdentityApplication", "IdentityApplication\IdentityApplication.csproj", "{8CED6C11-F247-40AC-8B56-268CF64B3D47}"
EndProject
Project("{9A19103F-16F7-4668-BE54-9A1E7A4F7556}") = "IdentityPersistence", "IdentityPersistence\IdentityPersistence.csproj", "{307AA9E3-52F6-4B31-9896-B0C963954C63}"
EndProject
Project("{9A19103F-16F7-4668-BE54-9A1E7A4F7556}") = "IdentityEndPoint", "IdentityEndPoint\IdentityEndPoint.csproj", "{52880008-03ED-4CDC-AFEB-16F99830634C}"
EndProject
Project("{2150E333-8FDC-42A3-9474-1A3956D46DE8}") = "Gateway", "Gateway", "{4BFE5B38-5ABB-4532-B97D-6910993DE8E4}"
EndProject
Project("{2150E333-8FDC-42A3-9474-1A3956D46DE8}") = "Common", "Common", "{FA9D25F9-63F0-4D12-A0DE-CA3F0FC6E2C3}"
EndProject
Project("{2150E333-8FDC-42A3-9474-1A3956D46DE8}") = "Messaging", "Messaging", "{FA4CBEA3-7247-44D4-8F03-D182F1CDFBD8}"
EndProject
Project("{2150E333-8FDC-42A3-9474-1A3956D46DE8}") = "Email", "Email", "{69887ECB-B069-46DA-B8EF-92D1A0F70584}"
EndProject
Project("{FAE04EC0-301F-11D3-BF4B-00C04F79EFBC}") = "MessageBrokerService", "MessageBrokerService\MessageBrokerService.csproj", "{156324B7-96BF-4BF5-B219-09CFC69010A4}"
EndProject
Global
	GlobalSection(SolutionConfigurationPlatforms) = preSolution
		Debug|Any CPU = Debug|Any CPU
		Release|Any CPU = Release|Any CPU
	EndGlobalSection
	GlobalSection(ProjectConfigurationPlatforms) = postSolution
		{E851B2CD-031B-4A01-804F-ED49452A4911}.Debug|Any CPU.ActiveCfg = Debug|Any CPU
		{E851B2CD-031B-4A01-804F-ED49452A4911}.Debug|Any CPU.Build.0 = Debug|Any CPU
		{E851B2CD-031B-4A01-804F-ED49452A4911}.Release|Any CPU.ActiveCfg = Release|Any CPU
		{E851B2CD-031B-4A01-804F-ED49452A4911}.Release|Any CPU.Build.0 = Release|Any CPU
		{4614BD5E-5818-491F-8852-CC9666F1ED29}.Debug|Any CPU.ActiveCfg = Debug|Any CPU
		{4614BD5E-5818-491F-8852-CC9666F1ED29}.Debug|Any CPU.Build.0 = Debug|Any CPU
		{4614BD5E-5818-491F-8852-CC9666F1ED29}.Release|Any CPU.ActiveCfg = Release|Any CPU
		{4614BD5E-5818-491F-8852-CC9666F1ED29}.Release|Any CPU.Build.0 = Release|Any CPU
		{AD1A3B62-E00C-4C06-92D9-02DF3D45DA91}.Debug|Any CPU.ActiveCfg = Debug|Any CPU
		{AD1A3B62-E00C-4C06-92D9-02DF3D45DA91}.Debug|Any CPU.Build.0 = Debug|Any CPU
		{AD1A3B62-E00C-4C06-92D9-02DF3D45DA91}.Release|Any CPU.ActiveCfg = Release|Any CPU
		{AD1A3B62-E00C-4C06-92D9-02DF3D45DA91}.Release|Any CPU.Build.0 = Release|Any CPU
		{36A81246-DF09-4F27-A8EA-F393A23ED566}.Debug|Any CPU.ActiveCfg = Debug|Any CPU
		{36A81246-DF09-4F27-A8EA-F393A23ED566}.Debug|Any CPU.Build.0 = Debug|Any CPU
		{36A81246-DF09-4F27-A8EA-F393A23ED566}.Release|Any CPU.ActiveCfg = Release|Any CPU
		{36A81246-DF09-4F27-A8EA-F393A23ED566}.Release|Any CPU.Build.0 = Release|Any CPU
		{4A9B3BBD-B67D-4ACC-98D2-EB284BC8522C}.Debug|Any CPU.ActiveCfg = Debug|Any CPU
		{4A9B3BBD-B67D-4ACC-98D2-EB284BC8522C}.Debug|Any CPU.Build.0 = Debug|Any CPU
		{4A9B3BBD-B67D-4ACC-98D2-EB284BC8522C}.Release|Any CPU.ActiveCfg = Release|Any CPU
		{4A9B3BBD-B67D-4ACC-98D2-EB284BC8522C}.Release|Any CPU.Build.0 = Release|Any CPU
		{18B0FC81-F19D-4B6B-B6ED-F6C31A6C42D0}.Debug|Any CPU.ActiveCfg = Debug|Any CPU
		{18B0FC81-F19D-4B6B-B6ED-F6C31A6C42D0}.Debug|Any CPU.Build.0 = Debug|Any CPU
		{18B0FC81-F19D-4B6B-B6ED-F6C31A6C42D0}.Release|Any CPU.ActiveCfg = Release|Any CPU
		{18B0FC81-F19D-4B6B-B6ED-F6C31A6C42D0}.Release|Any CPU.Build.0 = Release|Any CPU
		{4A82E404-3B15-45A6-8169-6DC4EE815C1D}.Debug|Any CPU.ActiveCfg = Debug|Any CPU
		{4A82E404-3B15-45A6-8169-6DC4EE815C1D}.Debug|Any CPU.Build.0 = Debug|Any CPU
		{4A82E404-3B15-45A6-8169-6DC4EE815C1D}.Release|Any CPU.ActiveCfg = Release|Any CPU
		{4A82E404-3B15-45A6-8169-6DC4EE815C1D}.Release|Any CPU.Build.0 = Release|Any CPU
		{8CED6C11-F247-40AC-8B56-268CF64B3D47}.Debug|Any CPU.ActiveCfg = Debug|Any CPU
		{8CED6C11-F247-40AC-8B56-268CF64B3D47}.Debug|Any CPU.Build.0 = Debug|Any CPU
		{8CED6C11-F247-40AC-8B56-268CF64B3D47}.Release|Any CPU.ActiveCfg = Release|Any CPU
		{8CED6C11-F247-40AC-8B56-268CF64B3D47}.Release|Any CPU.Build.0 = Release|Any CPU
		{307AA9E3-52F6-4B31-9896-B0C963954C63}.Debug|Any CPU.ActiveCfg = Debug|Any CPU
		{307AA9E3-52F6-4B31-9896-B0C963954C63}.Debug|Any CPU.Build.0 = Debug|Any CPU
		{307AA9E3-52F6-4B31-9896-B0C963954C63}.Release|Any CPU.ActiveCfg = Release|Any CPU
		{307AA9E3-52F6-4B31-9896-B0C963954C63}.Release|Any CPU.Build.0 = Release|Any CPU
		{52880008-03ED-4CDC-AFEB-16F99830634C}.Debug|Any CPU.ActiveCfg = Debug|Any CPU
		{52880008-03ED-4CDC-AFEB-16F99830634C}.Debug|Any CPU.Build.0 = Debug|Any CPU
		{52880008-03ED-4CDC-AFEB-16F99830634C}.Release|Any CPU.ActiveCfg = Release|Any CPU
		{52880008-03ED-4CDC-AFEB-16F99830634C}.Release|Any CPU.Build.0 = Release|Any CPU
		{156324B7-96BF-4BF5-B219-09CFC69010A4}.Debug|Any CPU.ActiveCfg = Debug|Any CPU
		{156324B7-96BF-4BF5-B219-09CFC69010A4}.Debug|Any CPU.Build.0 = Debug|Any CPU
		{156324B7-96BF-4BF5-B219-09CFC69010A4}.Release|Any CPU.ActiveCfg = Release|Any CPU
		{156324B7-96BF-4BF5-B219-09CFC69010A4}.Release|Any CPU.Build.0 = Release|Any CPU
	EndGlobalSection
	GlobalSection(SolutionProperties) = preSolution
		HideSolutionNode = FALSE
	EndGlobalSection
	GlobalSection(NestedProjects) = preSolution
		{F43EF812-849A-4299-AFFF-D9129D83682B} = {5F05B9B3-26CB-47FF-8D10-864260FDA840}
		{12CFB3D2-28D3-4D0F-9F5E-E5E9493D35F2} = {F43EF812-849A-4299-AFFF-D9129D83682B}
		{E851B2CD-031B-4A01-804F-ED49452A4911} = {80F08681-FDD1-4AEF-A1C0-65B00BE45FD8}
		{4614BD5E-5818-491F-8852-CC9666F1ED29} = {FA9D25F9-63F0-4D12-A0DE-CA3F0FC6E2C3}
		{AD1A3B62-E00C-4C06-92D9-02DF3D45DA91} = {702ED69B-018B-43E6-8785-5DA4AEA91AE9}
		{36A81246-DF09-4F27-A8EA-F393A23ED566} = {12CFB3D2-28D3-4D0F-9F5E-E5E9493D35F2}
		{4A9B3BBD-B67D-4ACC-98D2-EB284BC8522C} = {80F08681-FDD1-4AEF-A1C0-65B00BE45FD8}
		{80F08681-FDD1-4AEF-A1C0-65B00BE45FD8} = {F43EF812-849A-4299-AFFF-D9129D83682B}
		{702ED69B-018B-43E6-8785-5DA4AEA91AE9} = {F43EF812-849A-4299-AFFF-D9129D83682B}
		{1D030C56-617B-402E-9B06-F3D41CB12697} = {F43EF812-849A-4299-AFFF-D9129D83682B}
		{18B0FC81-F19D-4B6B-B6ED-F6C31A6C42D0} = {1D030C56-617B-402E-9B06-F3D41CB12697}
		{363AAE88-6AFF-468C-81D3-E2D5ABE44B5B} = {176D458A-2B09-4F64-A03A-F1BB03F2C44A}
		{D754A3B0-A071-4222-A567-91EBE21AAE2B} = {363AAE88-6AFF-468C-81D3-E2D5ABE44B5B}
		{F7C24062-8DD5-4492-84E5-636A7E2BF089} = {363AAE88-6AFF-468C-81D3-E2D5ABE44B5B}
		{2F01A2A1-6B91-4ACB-966E-B2AF76F3180C} = {363AAE88-6AFF-468C-81D3-E2D5ABE44B5B}
		{ACE4999D-6AC3-4582-B2A2-77B4C4B8EB33} = {363AAE88-6AFF-468C-81D3-E2D5ABE44B5B}
		{4A82E404-3B15-45A6-8169-6DC4EE815C1D} = {D754A3B0-A071-4222-A567-91EBE21AAE2B}
		{8CED6C11-F247-40AC-8B56-268CF64B3D47} = {D754A3B0-A071-4222-A567-91EBE21AAE2B}
		{307AA9E3-52F6-4B31-9896-B0C963954C63} = {F7C24062-8DD5-4492-84E5-636A7E2BF089}
		{52880008-03ED-4CDC-AFEB-16F99830634C} = {2F01A2A1-6B91-4ACB-966E-B2AF76F3180C}
		{FA9D25F9-63F0-4D12-A0DE-CA3F0FC6E2C3} = {38A43A62-87FB-4E8E-9AE2-56EBC20038AC}
		{FA4CBEA3-7247-44D4-8F03-D182F1CDFBD8} = {38A43A62-87FB-4E8E-9AE2-56EBC20038AC}
		{69887ECB-B069-46DA-B8EF-92D1A0F70584} = {38A43A62-87FB-4E8E-9AE2-56EBC20038AC}
		{156324B7-96BF-4BF5-B219-09CFC69010A4} = {FA4CBEA3-7247-44D4-8F03-D182F1CDFBD8}
	EndGlobalSection
	GlobalSection(ExtensibilityGlobals) = postSolution
		SolutionGuid = {08B22B18-280A-4768-8DE4-0BC34DC7F0A8}
	EndGlobalSection
EndGlobal
