
Microsoft Visual Studio Solution File, Format Version 12.00
# Visual Studio Version 17
VisualStudioVersion = 17.8.34330.188
MinimumVisualStudioVersion = 10.0.40219.1
Project("{2150E333-8FDC-42A3-9474-1A3956D46DE8}") = "Documents", "Documents", "{64FF7A45-6386-4E66-B030-95D471EC701C}"
EndProject
Project("{2150E333-8FDC-42A3-9474-1A3956D46DE8}") = "SSO", "SSO", "{176D458A-2B09-4F64-A03A-F1BB03F2C44A}"
EndProject
Project("{2150E333-8FDC-42A3-9474-1A3956D46DE8}") = "Services", "Services", "{5F05B9B3-26CB-47FF-8D10-864260FDA840}"
EndProject
Project("{2150E333-8FDC-42A3-9474-1A3956D46DE8}") = "TestService", "TestService", "{F43EF812-849A-4299-AFFF-D9129D83682B}"
EndProject
Project("{2150E333-8FDC-42A3-9474-1A3956D46DE8}") = "Presentation", "Presentation", "{12CFB3D2-28D3-4D0F-9F5E-E5E9493D35F2}"
EndProject
Project("{9A19103F-16F7-4668-BE54-9A1E7A4F7556}") = "TestDomain", "TestDomain\TestDomain.csproj", "{E851B2CD-031B-4A01-804F-ED49452A4911}"
EndProject
Project("{2150E333-8FDC-42A3-9474-1A3956D46DE8}") = "Infrastructure", "Infrastructure", "{38A43A62-87FB-4E8E-9AE2-56EBC20038AC}"
EndProject
Project("{9A19103F-16F7-4668-BE54-9A1E7A4F7556}") = "InfrastructureService", "InfrastructureService\InfrastructureService.csproj", "{4614BD5E-5818-491F-8852-CC9666F1ED29}"
EndProject
Project("{9A19103F-16F7-4668-BE54-9A1E7A4F7556}") = "TestPersistence", "TestPersistence\TestPersistence.csproj", "{AD1A3B62-E00C-4C06-92D9-02DF3D45DA91}"
EndProject
Project("{9A19103F-16F7-4668-BE54-9A1E7A4F7556}") = "TestEndPoint", "TestEndPoint\TestEndPoint.csproj", "{36A81246-DF09-4F27-A8EA-F393A23ED566}"
EndProject
Project("{2150E333-8FDC-42A3-9474-1A3956D46DE8}") = "AuthenticationService", "AuthenticationService", "{B44A3BA8-CBB5-4DA9-8CA6-1F4B3CBA49D2}"
EndProject
Project("{2150E333-8FDC-42A3-9474-1A3956D46DE8}") = "AuthenticationApplication", "AuthenticationApplication", "{9C265A4D-ACCB-4528-A8A2-2022566EF7B9}"
EndProject
Project("{9A19103F-16F7-4668-BE54-9A1E7A4F7556}") = "AuthenticationApplication", "AuthenticationApplication\AuthenticationApplication.csproj", "{A30832D1-63CE-466D-92A2-E61A5027C180}"
EndProject
Project("{2150E333-8FDC-42A3-9474-1A3956D46DE8}") = "AuthenticationDomain", "AuthenticationDomain", "{8A6F1CA1-1FCE-4743-B3F0-0F5AB0EE255B}"
EndProject
Project("{2150E333-8FDC-42A3-9474-1A3956D46DE8}") = "AuthenticationRepository", "AuthenticationRepository", "{97953CBF-2CD0-4068-A635-F2161950D50F}"
EndProject
Project("{9A19103F-16F7-4668-BE54-9A1E7A4F7556}") = "AuthenticationRepository", "AuthenticationRepository\AuthenticationRepository.csproj", "{1BCBA8F4-F93A-4228-8729-0CFEBDFB1FA2}"
EndProject
Project("{2150E333-8FDC-42A3-9474-1A3956D46DE8}") = "AuthenticationService", "AuthenticationService", "{7FE75147-F66D-4853-A60B-624CD4192ED7}"
EndProject
Project("{9A19103F-16F7-4668-BE54-9A1E7A4F7556}") = "AuthenticationService", "AuthenticationService\AuthenticationService.csproj", "{6BBF84DB-5F56-4A13-B65A-04476E3DED9A}"
EndProject
Project("{9A19103F-16F7-4668-BE54-9A1E7A4F7556}") = "AuthenticationDomain", "AuthenticationDomain\AuthenticationDomain.csproj", "{E1975E9F-089C-456B-8D4C-4F25E4D7F689}"
EndProject
Project("{9A19103F-16F7-4668-BE54-9A1E7A4F7556}") = "TestApplication", "TestApplication\TestApplication.csproj", "{4A9B3BBD-B67D-4ACC-98D2-EB284BC8522C}"
EndProject
Project("{2150E333-8FDC-42A3-9474-1A3956D46DE8}") = "Core", "Core", "{80F08681-FDD1-4AEF-A1C0-65B00BE45FD8}"
EndProject
Project("{2150E333-8FDC-42A3-9474-1A3956D46DE8}") = "Infrastructure", "Infrastructure", "{702ED69B-018B-43E6-8785-5DA4AEA91AE9}"
EndProject
Project("{2150E333-8FDC-42A3-9474-1A3956D46DE8}") = "Test", "Test", "{1D030C56-617B-402E-9B06-F3D41CB12697}"
EndProject
Project("{FAE04EC0-301F-11D3-BF4B-00C04F79EFBC}") = "TestService", "TestService\TestService.csproj", "{18B0FC81-F19D-4B6B-B6ED-F6C31A6C42D0}"
EndProject
Global
	GlobalSection(SolutionConfigurationPlatforms) = preSolution
		Debug|Any CPU = Debug|Any CPU
		Release|Any CPU = Release|Any CPU
	EndGlobalSection
	GlobalSection(ProjectConfigurationPlatforms) = postSolution
		{E851B2CD-031B-4A01-804F-ED49452A4911}.Debug|Any CPU.ActiveCfg = Debug|Any CPU
		{E851B2CD-031B-4A01-804F-ED49452A4911}.Debug|Any CPU.Build.0 = Debug|Any CPU
		{E851B2CD-031B-4A01-804F-ED49452A4911}.Release|Any CPU.ActiveCfg = Release|Any CPU
		{E851B2CD-031B-4A01-804F-ED49452A4911}.Release|Any CPU.Build.0 = Release|Any CPU
		{4614BD5E-5818-491F-8852-CC9666F1ED29}.Debug|Any CPU.ActiveCfg = Debug|Any CPU
		{4614BD5E-5818-491F-8852-CC9666F1ED29}.Debug|Any CPU.Build.0 = Debug|Any CPU
		{4614BD5E-5818-491F-8852-CC9666F1ED29}.Release|Any CPU.ActiveCfg = Release|Any CPU
		{4614BD5E-5818-491F-8852-CC9666F1ED29}.Release|Any CPU.Build.0 = Release|Any CPU
		{AD1A3B62-E00C-4C06-92D9-02DF3D45DA91}.Debug|Any CPU.ActiveCfg = Debug|Any CPU
		{AD1A3B62-E00C-4C06-92D9-02DF3D45DA91}.Debug|Any CPU.Build.0 = Debug|Any CPU
		{AD1A3B62-E00C-4C06-92D9-02DF3D45DA91}.Release|Any CPU.ActiveCfg = Release|Any CPU
		{AD1A3B62-E00C-4C06-92D9-02DF3D45DA91}.Release|Any CPU.Build.0 = Release|Any CPU
		{36A81246-DF09-4F27-A8EA-F393A23ED566}.Debug|Any CPU.ActiveCfg = Debug|Any CPU
		{36A81246-DF09-4F27-A8EA-F393A23ED566}.Debug|Any CPU.Build.0 = Debug|Any CPU
		{36A81246-DF09-4F27-A8EA-F393A23ED566}.Release|Any CPU.ActiveCfg = Release|Any CPU
		{36A81246-DF09-4F27-A8EA-F393A23ED566}.Release|Any CPU.Build.0 = Release|Any CPU
		{A30832D1-63CE-466D-92A2-E61A5027C180}.Debug|Any CPU.ActiveCfg = Debug|Any CPU
		{A30832D1-63CE-466D-92A2-E61A5027C180}.Debug|Any CPU.Build.0 = Debug|Any CPU
		{A30832D1-63CE-466D-92A2-E61A5027C180}.Release|Any CPU.ActiveCfg = Release|Any CPU
		{A30832D1-63CE-466D-92A2-E61A5027C180}.Release|Any CPU.Build.0 = Release|Any CPU
		{1BCBA8F4-F93A-4228-8729-0CFEBDFB1FA2}.Debug|Any CPU.ActiveCfg = Debug|Any CPU
		{1BCBA8F4-F93A-4228-8729-0CFEBDFB1FA2}.Debug|Any CPU.Build.0 = Debug|Any CPU
		{1BCBA8F4-F93A-4228-8729-0CFEBDFB1FA2}.Release|Any CPU.ActiveCfg = Release|Any CPU
		{1BCBA8F4-F93A-4228-8729-0CFEBDFB1FA2}.Release|Any CPU.Build.0 = Release|Any CPU
		{6BBF84DB-5F56-4A13-B65A-04476E3DED9A}.Debug|Any CPU.ActiveCfg = Debug|Any CPU
		{6BBF84DB-5F56-4A13-B65A-04476E3DED9A}.Debug|Any CPU.Build.0 = Debug|Any CPU
		{6BBF84DB-5F56-4A13-B65A-04476E3DED9A}.Release|Any CPU.ActiveCfg = Release|Any CPU
		{6BBF84DB-5F56-4A13-B65A-04476E3DED9A}.Release|Any CPU.Build.0 = Release|Any CPU
		{E1975E9F-089C-456B-8D4C-4F25E4D7F689}.Debug|Any CPU.ActiveCfg = Debug|Any CPU
		{E1975E9F-089C-456B-8D4C-4F25E4D7F689}.Debug|Any CPU.Build.0 = Debug|Any CPU
		{E1975E9F-089C-456B-8D4C-4F25E4D7F689}.Release|Any CPU.ActiveCfg = Release|Any CPU
		{E1975E9F-089C-456B-8D4C-4F25E4D7F689}.Release|Any CPU.Build.0 = Release|Any CPU
		{4A9B3BBD-B67D-4ACC-98D2-EB284BC8522C}.Debug|Any CPU.ActiveCfg = Debug|Any CPU
		{4A9B3BBD-B67D-4ACC-98D2-EB284BC8522C}.Debug|Any CPU.Build.0 = Debug|Any CPU
		{4A9B3BBD-B67D-4ACC-98D2-EB284BC8522C}.Release|Any CPU.ActiveCfg = Release|Any CPU
		{4A9B3BBD-B67D-4ACC-98D2-EB284BC8522C}.Release|Any CPU.Build.0 = Release|Any CPU
		{18B0FC81-F19D-4B6B-B6ED-F6C31A6C42D0}.Debug|Any CPU.ActiveCfg = Debug|Any CPU
		{18B0FC81-F19D-4B6B-B6ED-F6C31A6C42D0}.Debug|Any CPU.Build.0 = Debug|Any CPU
		{18B0FC81-F19D-4B6B-B6ED-F6C31A6C42D0}.Release|Any CPU.ActiveCfg = Release|Any CPU
		{18B0FC81-F19D-4B6B-B6ED-F6C31A6C42D0}.Release|Any CPU.Build.0 = Release|Any CPU
	EndGlobalSection
	GlobalSection(SolutionProperties) = preSolution
		HideSolutionNode = FALSE
	EndGlobalSection
	GlobalSection(NestedProjects) = preSolution
		{F43EF812-849A-4299-AFFF-D9129D83682B} = {5F05B9B3-26CB-47FF-8D10-864260FDA840}
		{12CFB3D2-28D3-4D0F-9F5E-E5E9493D35F2} = {F43EF812-849A-4299-AFFF-D9129D83682B}
		{E851B2CD-031B-4A01-804F-ED49452A4911} = {80F08681-FDD1-4AEF-A1C0-65B00BE45FD8}
		{38A43A62-87FB-4E8E-9AE2-56EBC20038AC} = {5F05B9B3-26CB-47FF-8D10-864260FDA840}
		{4614BD5E-5818-491F-8852-CC9666F1ED29} = {38A43A62-87FB-4E8E-9AE2-56EBC20038AC}
		{AD1A3B62-E00C-4C06-92D9-02DF3D45DA91} = {702ED69B-018B-43E6-8785-5DA4AEA91AE9}
		{36A81246-DF09-4F27-A8EA-F393A23ED566} = {12CFB3D2-28D3-4D0F-9F5E-E5E9493D35F2}
		{B44A3BA8-CBB5-4DA9-8CA6-1F4B3CBA49D2} = {5F05B9B3-26CB-47FF-8D10-864260FDA840}
		{9C265A4D-ACCB-4528-A8A2-2022566EF7B9} = {B44A3BA8-CBB5-4DA9-8CA6-1F4B3CBA49D2}
		{A30832D1-63CE-466D-92A2-E61A5027C180} = {9C265A4D-ACCB-4528-A8A2-2022566EF7B9}
		{8A6F1CA1-1FCE-4743-B3F0-0F5AB0EE255B} = {B44A3BA8-CBB5-4DA9-8CA6-1F4B3CBA49D2}
		{97953CBF-2CD0-4068-A635-F2161950D50F} = {B44A3BA8-CBB5-4DA9-8CA6-1F4B3CBA49D2}
		{1BCBA8F4-F93A-4228-8729-0CFEBDFB1FA2} = {97953CBF-2CD0-4068-A635-F2161950D50F}
		{7FE75147-F66D-4853-A60B-624CD4192ED7} = {B44A3BA8-CBB5-4DA9-8CA6-1F4B3CBA49D2}
		{6BBF84DB-5F56-4A13-B65A-04476E3DED9A} = {7FE75147-F66D-4853-A60B-624CD4192ED7}
		{E1975E9F-089C-456B-8D4C-4F25E4D7F689} = {8A6F1CA1-1FCE-4743-B3F0-0F5AB0EE255B}
		{4A9B3BBD-B67D-4ACC-98D2-EB284BC8522C} = {80F08681-FDD1-4AEF-A1C0-65B00BE45FD8}
		{80F08681-FDD1-4AEF-A1C0-65B00BE45FD8} = {F43EF812-849A-4299-AFFF-D9129D83682B}
		{702ED69B-018B-43E6-8785-5DA4AEA91AE9} = {F43EF812-849A-4299-AFFF-D9129D83682B}
		{1D030C56-617B-402E-9B06-F3D41CB12697} = {F43EF812-849A-4299-AFFF-D9129D83682B}
		{18B0FC81-F19D-4B6B-B6ED-F6C31A6C42D0} = {1D030C56-617B-402E-9B06-F3D41CB12697}
	EndGlobalSection
	GlobalSection(ExtensibilityGlobals) = postSolution
		SolutionGuid = {08B22B18-280A-4768-8DE4-0BC34DC7F0A8}
	EndGlobalSection
EndGlobal
